
Microsoft Visual Studio Solution File, Format Version 12.00
# Visual Studio Version 17
VisualStudioVersion = 17.0.31903.59
MinimumVisualStudioVersion = 10.0.40219.1
Project("{2150E333-8FDC-42A3-9474-1A3956D46DE8}") = "src", "src", "{827E0CD3-B72D-47B6-A68D-7590B98EB39B}"
EndProject
Project("{FAE04EC0-301F-11D3-BF4B-00C04F79EFBC}") = "DigitalSecretary.Abstractions", "src\DigitalSecretary.Abstractions\DigitalSecretary.Abstractions.csproj", "{EC2F4C86-FE05-4DEE-B6F1-4A718B32566E}"
EndProject
Project("{FAE04EC0-301F-11D3-BF4B-00C04F79EFBC}") = "DigitalSecretary.App", "src\DigitalSecretary.App\DigitalSecretary.App.csproj", "{EAD761E1-D449-4DC1-A1A5-8978F7012A97}"
EndProject
Project("{2150E333-8FDC-42A3-9474-1A3956D46DE8}") = "Features", "Features", "{E81CAA0A-8D6A-E3B6-28B3-AB416E1657A7}"
EndProject
Project("{2150E333-8FDC-42A3-9474-1A3956D46DE8}") = "Launcher", "Launcher", "{EC485FAE-8AB4-4479-458F-E16F80FC4D6E}"
EndProject
Project("{FAE04EC0-301F-11D3-BF4B-00C04F79EFBC}") = "DigitalSecretary.Features.Launcher", "src\Features\Launcher\DigitalSecretary.Features.Launcher.csproj", "{98EB9E76-69A1-45FE-8D73-98E8930B3A06}"
EndProject
Project("{2150E333-8FDC-42A3-9474-1A3956D46DE8}") = "Calculator", "Calculator", "{1ABC6A71-3E82-D39E-6386-3E121601138B}"
EndProject
Project("{FAE04EC0-301F-11D3-BF4B-00C04F79EFBC}") = "DigitalSecretary.Features.Calculator", "src\Features\Calculator\DigitalSecretary.Features.Calculator.csproj", "{70974437-9294-4F88-8190-591A1A8F9C59}"
EndProject
Project("{2150E333-8FDC-42A3-9474-1A3956D46DE8}") = "ClipboardHistory", "ClipboardHistory", "{27D1CDA9-B6B1-4863-ADD1-32B65B50A2DD}"
EndProject
Project("{FAE04EC0-301F-11D3-BF4B-00C04F79EFBC}") = "DigitalSecretary.Features.ClipboardHistory", "src\Features\ClipboardHistory\DigitalSecretary.Features.ClipboardHistory.csproj", "{C6348873-CAB0-4F62-9FB7-2060683AC120}"
EndProject
Project("{2150E333-8FDC-42A3-9474-1A3956D46DE8}") = "EmailDownloader", "EmailDownloader", "{FBD9B550-AF8B-73C8-4A15-0EC57644BFD0}"
EndProject
Project("{FAE04EC0-301F-11D3-BF4B-00C04F79EFBC}") = "DigitalSecretary.Features.EmailDownloader", "src\Features\EmailDownloader\DigitalSecretary.Features.EmailDownloader.csproj", "{42A7D12C-7F68-46CC-8604-0D39683CD7BE}"
EndProject
Project("{2150E333-8FDC-42A3-9474-1A3956D46DE8}") = "tests", "tests", "{0AB3BF05-4346-4AA6-1389-037BE0695223}"
EndProject
Project("{FAE04EC0-301F-11D3-BF4B-00C04F79EFBC}") = "DigitalSecretary.UnitTests", "tests\DigitalSecretary.UnitTests\DigitalSecretary.UnitTests.csproj", "{15CC9B75-3DEA-4C8A-9E4F-71AB3BAB85F1}"
EndProject
Project("{FAE04EC0-301F-11D3-BF4B-00C04F79EFBC}") = "DigitalSecretary.QaTests", "tests\DigitalSecretary.QaTests\DigitalSecretary.QaTests.csproj", "{7821B234-2674-4F00-B64D-7B8EBA825DA5}"
EndProject
Project("{2150E333-8FDC-42A3-9474-1A3956D46DE8}") = "GmailDownloader", "GmailDownloader", "{E3CD8B3E-FB9E-4471-2C17-875ADB974ACA}"
EndProject
Project("{FAE04EC0-301F-11D3-BF4B-00C04F79EFBC}") = "DigitalSecretary.Features.GmailDownloader", "src\Features\GmailDownloader\DigitalSecretary.Features.GmailDownloader.csproj", "{BD4187FC-F37E-4148-B38C-71E2EA5E3A3A}"
EndProject
Project("{2150E333-8FDC-42A3-9474-1A3956D46DE8}") = "GoogleDriveDownloader", "GoogleDriveDownloader", "{88B49CAD-F7F9-FB57-0A58-41AEE8964473}"
EndProject
Project("{FAE04EC0-301F-11D3-BF4B-00C04F79EFBC}") = "DigitalSecretary.Features.GoogleDriveDownloader", "src\Features\GoogleDriveDownloader\DigitalSecretary.Features.GoogleDriveDownloader.csproj", "{DCC16036-DEA8-477F-BB0B-75E3D0F1537F}"
EndProject
Global
	GlobalSection(SolutionConfigurationPlatforms) = preSolution
		Debug|Any CPU = Debug|Any CPU
		Debug|x64 = Debug|x64
		Debug|x86 = Debug|x86
		Release|Any CPU = Release|Any CPU
		Release|x64 = Release|x64
		Release|x86 = Release|x86
	EndGlobalSection
	GlobalSection(ProjectConfigurationPlatforms) = postSolution
		{EC2F4C86-FE05-4DEE-B6F1-4A718B32566E}.Debug|Any CPU.ActiveCfg = Debug|Any CPU
		{EC2F4C86-FE05-4DEE-B6F1-4A718B32566E}.Debug|Any CPU.Build.0 = Debug|Any CPU
		{EC2F4C86-FE05-4DEE-B6F1-4A718B32566E}.Debug|x64.ActiveCfg = Debug|Any CPU
		{EC2F4C86-FE05-4DEE-B6F1-4A718B32566E}.Debug|x64.Build.0 = Debug|Any CPU
		{EC2F4C86-FE05-4DEE-B6F1-4A718B32566E}.Debug|x86.ActiveCfg = Debug|Any CPU
		{EC2F4C86-FE05-4DEE-B6F1-4A718B32566E}.Debug|x86.Build.0 = Debug|Any CPU
		{EC2F4C86-FE05-4DEE-B6F1-4A718B32566E}.Release|Any CPU.ActiveCfg = Release|Any CPU
		{EC2F4C86-FE05-4DEE-B6F1-4A718B32566E}.Release|Any CPU.Build.0 = Release|Any CPU
		{EC2F4C86-FE05-4DEE-B6F1-4A718B32566E}.Release|x64.ActiveCfg = Release|Any CPU
		{EC2F4C86-FE05-4DEE-B6F1-4A718B32566E}.Release|x64.Build.0 = Release|Any CPU
		{EC2F4C86-FE05-4DEE-B6F1-4A718B32566E}.Release|x86.ActiveCfg = Release|Any CPU
		{EC2F4C86-FE05-4DEE-B6F1-4A718B32566E}.Release|x86.Build.0 = Release|Any CPU
		{EAD761E1-D449-4DC1-A1A5-8978F7012A97}.Debug|Any CPU.ActiveCfg = Debug|Any CPU
		{EAD761E1-D449-4DC1-A1A5-8978F7012A97}.Debug|Any CPU.Build.0 = Debug|Any CPU
		{EAD761E1-D449-4DC1-A1A5-8978F7012A97}.Debug|x64.ActiveCfg = Debug|Any CPU
		{EAD761E1-D449-4DC1-A1A5-8978F7012A97}.Debug|x64.Build.0 = Debug|Any CPU
		{EAD761E1-D449-4DC1-A1A5-8978F7012A97}.Debug|x86.ActiveCfg = Debug|Any CPU
		{EAD761E1-D449-4DC1-A1A5-8978F7012A97}.Debug|x86.Build.0 = Debug|Any CPU
		{EAD761E1-D449-4DC1-A1A5-8978F7012A97}.Release|Any CPU.ActiveCfg = Release|Any CPU
		{EAD761E1-D449-4DC1-A1A5-8978F7012A97}.Release|Any CPU.Build.0 = Release|Any CPU
		{EAD761E1-D449-4DC1-A1A5-8978F7012A97}.Release|x64.ActiveCfg = Release|Any CPU
		{EAD761E1-D449-4DC1-A1A5-8978F7012A97}.Release|x64.Build.0 = Release|Any CPU
		{EAD761E1-D449-4DC1-A1A5-8978F7012A97}.Release|x86.ActiveCfg = Release|Any CPU
		{EAD761E1-D449-4DC1-A1A5-8978F7012A97}.Release|x86.Build.0 = Release|Any CPU
		{98EB9E76-69A1-45FE-8D73-98E8930B3A06}.Debug|Any CPU.ActiveCfg = Debug|Any CPU
		{98EB9E76-69A1-45FE-8D73-98E8930B3A06}.Debug|Any CPU.Build.0 = Debug|Any CPU
		{98EB9E76-69A1-45FE-8D73-98E8930B3A06}.Debug|x64.ActiveCfg = Debug|Any CPU
		{98EB9E76-69A1-45FE-8D73-98E8930B3A06}.Debug|x64.Build.0 = Debug|Any CPU
		{98EB9E76-69A1-45FE-8D73-98E8930B3A06}.Debug|x86.ActiveCfg = Debug|Any CPU
		{98EB9E76-69A1-45FE-8D73-98E8930B3A06}.Debug|x86.Build.0 = Debug|Any CPU
		{98EB9E76-69A1-45FE-8D73-98E8930B3A06}.Release|Any CPU.ActiveCfg = Release|Any CPU
		{98EB9E76-69A1-45FE-8D73-98E8930B3A06}.Release|Any CPU.Build.0 = Release|Any CPU
		{98EB9E76-69A1-45FE-8D73-98E8930B3A06}.Release|x64.ActiveCfg = Release|Any CPU
		{98EB9E76-69A1-45FE-8D73-98E8930B3A06}.Release|x64.Build.0 = Release|Any CPU
		{98EB9E76-69A1-45FE-8D73-98E8930B3A06}.Release|x86.ActiveCfg = Release|Any CPU
		{98EB9E76-69A1-45FE-8D73-98E8930B3A06}.Release|x86.Build.0 = Release|Any CPU
		{70974437-9294-4F88-8190-591A1A8F9C59}.Debug|Any CPU.ActiveCfg = Debug|Any CPU
		{70974437-9294-4F88-8190-591A1A8F9C59}.Debug|Any CPU.Build.0 = Debug|Any CPU
		{70974437-9294-4F88-8190-591A1A8F9C59}.Debug|x64.ActiveCfg = Debug|Any CPU
		{70974437-9294-4F88-8190-591A1A8F9C59}.Debug|x64.Build.0 = Debug|Any CPU
		{70974437-9294-4F88-8190-591A1A8F9C59}.Debug|x86.ActiveCfg = Debug|Any CPU
		{70974437-9294-4F88-8190-591A1A8F9C59}.Debug|x86.Build.0 = Debug|Any CPU
		{70974437-9294-4F88-8190-591A1A8F9C59}.Release|Any CPU.ActiveCfg = Release|Any CPU
		{70974437-9294-4F88-8190-591A1A8F9C59}.Release|Any CPU.Build.0 = Release|Any CPU
		{70974437-9294-4F88-8190-591A1A8F9C59}.Release|x64.ActiveCfg = Release|Any CPU
		{70974437-9294-4F88-8190-591A1A8F9C59}.Release|x64.Build.0 = Release|Any CPU
		{70974437-9294-4F88-8190-591A1A8F9C59}.Release|x86.ActiveCfg = Release|Any CPU
		{70974437-9294-4F88-8190-591A1A8F9C59}.Release|x86.Build.0 = Release|Any CPU
		{C6348873-CAB0-4F62-9FB7-2060683AC120}.Debug|Any CPU.ActiveCfg = Debug|Any CPU
		{C6348873-CAB0-4F62-9FB7-2060683AC120}.Debug|Any CPU.Build.0 = Debug|Any CPU
		{C6348873-CAB0-4F62-9FB7-2060683AC120}.Debug|x64.ActiveCfg = Debug|Any CPU
		{C6348873-CAB0-4F62-9FB7-2060683AC120}.Debug|x64.Build.0 = Debug|Any CPU
		{C6348873-CAB0-4F62-9FB7-2060683AC120}.Debug|x86.ActiveCfg = Debug|Any CPU
		{C6348873-CAB0-4F62-9FB7-2060683AC120}.Debug|x86.Build.0 = Debug|Any CPU
		{C6348873-CAB0-4F62-9FB7-2060683AC120}.Release|Any CPU.ActiveCfg = Release|Any CPU
		{C6348873-CAB0-4F62-9FB7-2060683AC120}.Release|Any CPU.Build.0 = Release|Any CPU
		{C6348873-CAB0-4F62-9FB7-2060683AC120}.Release|x64.ActiveCfg = Release|Any CPU
		{C6348873-CAB0-4F62-9FB7-2060683AC120}.Release|x64.Build.0 = Release|Any CPU
		{C6348873-CAB0-4F62-9FB7-2060683AC120}.Release|x86.ActiveCfg = Release|Any CPU
		{C6348873-CAB0-4F62-9FB7-2060683AC120}.Release|x86.Build.0 = Release|Any CPU
		{42A7D12C-7F68-46CC-8604-0D39683CD7BE}.Debug|Any CPU.ActiveCfg = Debug|Any CPU
		{42A7D12C-7F68-46CC-8604-0D39683CD7BE}.Debug|Any CPU.Build.0 = Debug|Any CPU
		{42A7D12C-7F68-46CC-8604-0D39683CD7BE}.Debug|x64.ActiveCfg = Debug|Any CPU
		{42A7D12C-7F68-46CC-8604-0D39683CD7BE}.Debug|x64.Build.0 = Debug|Any CPU
		{42A7D12C-7F68-46CC-8604-0D39683CD7BE}.Debug|x86.ActiveCfg = Debug|Any CPU
		{42A7D12C-7F68-46CC-8604-0D39683CD7BE}.Debug|x86.Build.0 = Debug|Any CPU
		{42A7D12C-7F68-46CC-8604-0D39683CD7BE}.Release|Any CPU.ActiveCfg = Release|Any CPU
		{42A7D12C-7F68-46CC-8604-0D39683CD7BE}.Release|Any CPU.Build.0 = Release|Any CPU
		{42A7D12C-7F68-46CC-8604-0D39683CD7BE}.Release|x64.ActiveCfg = Release|Any CPU
		{42A7D12C-7F68-46CC-8604-0D39683CD7BE}.Release|x64.Build.0 = Release|Any CPU
		{42A7D12C-7F68-46CC-8604-0D39683CD7BE}.Release|x86.ActiveCfg = Release|Any CPU
		{42A7D12C-7F68-46CC-8604-0D39683CD7BE}.Release|x86.Build.0 = Release|Any CPU
		{15CC9B75-3DEA-4C8A-9E4F-71AB3BAB85F1}.Debug|Any CPU.ActiveCfg = Debug|Any CPU
		{15CC9B75-3DEA-4C8A-9E4F-71AB3BAB85F1}.Debug|Any CPU.Build.0 = Debug|Any CPU
		{15CC9B75-3DEA-4C8A-9E4F-71AB3BAB85F1}.Debug|x64.ActiveCfg = Debug|Any CPU
		{15CC9B75-3DEA-4C8A-9E4F-71AB3BAB85F1}.Debug|x64.Build.0 = Debug|Any CPU
		{15CC9B75-3DEA-4C8A-9E4F-71AB3BAB85F1}.Debug|x86.ActiveCfg = Debug|Any CPU
		{15CC9B75-3DEA-4C8A-9E4F-71AB3BAB85F1}.Debug|x86.Build.0 = Debug|Any CPU
		{15CC9B75-3DEA-4C8A-9E4F-71AB3BAB85F1}.Release|Any CPU.ActiveCfg = Release|Any CPU
		{15CC9B75-3DEA-4C8A-9E4F-71AB3BAB85F1}.Release|Any CPU.Build.0 = Release|Any CPU
		{15CC9B75-3DEA-4C8A-9E4F-71AB3BAB85F1}.Release|x64.ActiveCfg = Release|Any CPU
		{15CC9B75-3DEA-4C8A-9E4F-71AB3BAB85F1}.Release|x64.Build.0 = Release|Any CPU
		{15CC9B75-3DEA-4C8A-9E4F-71AB3BAB85F1}.Release|x86.ActiveCfg = Release|Any CPU
		{15CC9B75-3DEA-4C8A-9E4F-71AB3BAB85F1}.Release|x86.Build.0 = Release|Any CPU
		{7821B234-2674-4F00-B64D-7B8EBA825DA5}.Debug|Any CPU.ActiveCfg = Debug|Any CPU
		{7821B234-2674-4F00-B64D-7B8EBA825DA5}.Debug|Any CPU.Build.0 = Debug|Any CPU
		{7821B234-2674-4F00-B64D-7B8EBA825DA5}.Debug|x64.ActiveCfg = Debug|Any CPU
		{7821B234-2674-4F00-B64D-7B8EBA825DA5}.Debug|x64.Build.0 = Debug|Any CPU
		{7821B234-2674-4F00-B64D-7B8EBA825DA5}.Debug|x86.ActiveCfg = Debug|Any CPU
		{7821B234-2674-4F00-B64D-7B8EBA825DA5}.Debug|x86.Build.0 = Debug|Any CPU
		{7821B234-2674-4F00-B64D-7B8EBA825DA5}.Release|Any CPU.ActiveCfg = Release|Any CPU
		{7821B234-2674-4F00-B64D-7B8EBA825DA5}.Release|Any CPU.Build.0 = Release|Any CPU
		{7821B234-2674-4F00-B64D-7B8EBA825DA5}.Release|x64.ActiveCfg = Release|Any CPU
		{7821B234-2674-4F00-B64D-7B8EBA825DA5}.Release|x64.Build.0 = Release|Any CPU
		{7821B234-2674-4F00-B64D-7B8EBA825DA5}.Release|x86.ActiveCfg = Release|Any CPU
		{7821B234-2674-4F00-B64D-7B8EBA825DA5}.Release|x86.Build.0 = Release|Any CPU
		{BD4187FC-F37E-4148-B38C-71E2EA5E3A3A}.Debug|Any CPU.ActiveCfg = Debug|Any CPU
		{BD4187FC-F37E-4148-B38C-71E2EA5E3A3A}.Debug|Any CPU.Build.0 = Debug|Any CPU
		{BD4187FC-F37E-4148-B38C-71E2EA5E3A3A}.Debug|x64.ActiveCfg = Debug|Any CPU
		{BD4187FC-F37E-4148-B38C-71E2EA5E3A3A}.Debug|x64.Build.0 = Debug|Any CPU
		{BD4187FC-F37E-4148-B38C-71E2EA5E3A3A}.Debug|x86.ActiveCfg = Debug|Any CPU
		{BD4187FC-F37E-4148-B38C-71E2EA5E3A3A}.Debug|x86.Build.0 = Debug|Any CPU
		{BD4187FC-F37E-4148-B38C-71E2EA5E3A3A}.Release|Any CPU.ActiveCfg = Release|Any CPU
		{BD4187FC-F37E-4148-B38C-71E2EA5E3A3A}.Release|Any CPU.Build.0 = Release|Any CPU
		{BD4187FC-F37E-4148-B38C-71E2EA5E3A3A}.Release|x64.ActiveCfg = Release|Any CPU
		{BD4187FC-F37E-4148-B38C-71E2EA5E3A3A}.Release|x64.Build.0 = Release|Any CPU
		{BD4187FC-F37E-4148-B38C-71E2EA5E3A3A}.Release|x86.ActiveCfg = Release|Any CPU
		{BD4187FC-F37E-4148-B38C-71E2EA5E3A3A}.Release|x86.Build.0 = Release|Any CPU
		{DCC16036-DEA8-477F-BB0B-75E3D0F1537F}.Debug|Any CPU.ActiveCfg = Debug|Any CPU
		{DCC16036-DEA8-477F-BB0B-75E3D0F1537F}.Debug|Any CPU.Build.0 = Debug|Any CPU
		{DCC16036-DEA8-477F-BB0B-75E3D0F1537F}.Debug|x64.ActiveCfg = Debug|Any CPU
		{DCC16036-DEA8-477F-BB0B-75E3D0F1537F}.Debug|x64.Build.0 = Debug|Any CPU
		{DCC16036-DEA8-477F-BB0B-75E3D0F1537F}.Debug|x86.ActiveCfg = Debug|Any CPU
		{DCC16036-DEA8-477F-BB0B-75E3D0F1537F}.Debug|x86.Build.0 = Debug|Any CPU
		{DCC16036-DEA8-477F-BB0B-75E3D0F1537F}.Release|Any CPU.ActiveCfg = Release|Any CPU
		{DCC16036-DEA8-477F-BB0B-75E3D0F1537F}.Release|Any CPU.Build.0 = Release|Any CPU
		{DCC16036-DEA8-477F-BB0B-75E3D0F1537F}.Release|x64.ActiveCfg = Release|Any CPU
		{DCC16036-DEA8-477F-BB0B-75E3D0F1537F}.Release|x64.Build.0 = Release|Any CPU
		{DCC16036-DEA8-477F-BB0B-75E3D0F1537F}.Release|x86.ActiveCfg = Release|Any CPU
		{DCC16036-DEA8-477F-BB0B-75E3D0F1537F}.Release|x86.Build.0 = Release|Any CPU
	EndGlobalSection
	GlobalSection(SolutionProperties) = preSolution
		HideSolutionNode = FALSE
	EndGlobalSection
	GlobalSection(NestedProjects) = preSolution
		{EC2F4C86-FE05-4DEE-B6F1-4A718B32566E} = {827E0CD3-B72D-47B6-A68D-7590B98EB39B}
		{EAD761E1-D449-4DC1-A1A5-8978F7012A97} = {827E0CD3-B72D-47B6-A68D-7590B98EB39B}
		{E81CAA0A-8D6A-E3B6-28B3-AB416E1657A7} = {827E0CD3-B72D-47B6-A68D-7590B98EB39B}
		{EC485FAE-8AB4-4479-458F-E16F80FC4D6E} = {E81CAA0A-8D6A-E3B6-28B3-AB416E1657A7}
		{98EB9E76-69A1-45FE-8D73-98E8930B3A06} = {EC485FAE-8AB4-4479-458F-E16F80FC4D6E}
		{1ABC6A71-3E82-D39E-6386-3E121601138B} = {E81CAA0A-8D6A-E3B6-28B3-AB416E1657A7}
		{70974437-9294-4F88-8190-591A1A8F9C59} = {1ABC6A71-3E82-D39E-6386-3E121601138B}
		{27D1CDA9-B6B1-4863-ADD1-32B65B50A2DD} = {E81CAA0A-8D6A-E3B6-28B3-AB416E1657A7}
		{C6348873-CAB0-4F62-9FB7-2060683AC120} = {27D1CDA9-B6B1-4863-ADD1-32B65B50A2DD}
		{FBD9B550-AF8B-73C8-4A15-0EC57644BFD0} = {E81CAA0A-8D6A-E3B6-28B3-AB416E1657A7}
		{42A7D12C-7F68-46CC-8604-0D39683CD7BE} = {FBD9B550-AF8B-73C8-4A15-0EC57644BFD0}
		{15CC9B75-3DEA-4C8A-9E4F-71AB3BAB85F1} = {0AB3BF05-4346-4AA6-1389-037BE0695223}
		{7821B234-2674-4F00-B64D-7B8EBA825DA5} = {0AB3BF05-4346-4AA6-1389-037BE0695223}
		{E3CD8B3E-FB9E-4471-2C17-875ADB974ACA} = {E81CAA0A-8D6A-E3B6-28B3-AB416E1657A7}
		{BD4187FC-F37E-4148-B38C-71E2EA5E3A3A} = {E3CD8B3E-FB9E-4471-2C17-875ADB974ACA}
		{88B49CAD-F7F9-FB57-0A58-41AEE8964473} = {E81CAA0A-8D6A-E3B6-28B3-AB416E1657A7}
		{DCC16036-DEA8-477F-BB0B-75E3D0F1537F} = {88B49CAD-F7F9-FB57-0A58-41AEE8964473}
	EndGlobalSection
EndGlobal
